
Microsoft Visual Studio Solution File, Format Version 12.00
# Visual Studio 15
VisualStudioVersion = 15.0.28307.329
MinimumVisualStudioVersion = 10.0.40219.1
Project("{9A19103F-16F7-4668-BE54-9A1E7A4F7556}") = "BRM", "BRM\BRM.csproj", "{90883E4D-40B0-4315-B1F4-6583AEF89EB7}"
EndProject
Project("{9A19103F-16F7-4668-BE54-9A1E7A4F7556}") = "Data", "Data\Data.csproj", "{C5C8B15F-278C-46EC-B53C-58F8DFB05D9D}"
EndProject
Project("{FAE04EC0-301F-11D3-BF4B-00C04F79EFBC}") = "ClientSide", "ClientSide\ClientSide.csproj", "{AADEA657-F6EC-44F6-A151-A47CFD34EF31}"
EndProject
Global
	GlobalSection(SolutionConfigurationPlatforms) = preSolution
		Debug|Any CPU = Debug|Any CPU
		Release|Any CPU = Release|Any CPU
	EndGlobalSection
	GlobalSection(ProjectConfigurationPlatforms) = postSolution
		{90883E4D-40B0-4315-B1F4-6583AEF89EB7}.Debug|Any CPU.ActiveCfg = Debug|Any CPU
		{90883E4D-40B0-4315-B1F4-6583AEF89EB7}.Debug|Any CPU.Build.0 = Debug|Any CPU
		{90883E4D-40B0-4315-B1F4-6583AEF89EB7}.Release|Any CPU.ActiveCfg = Release|Any CPU
		{90883E4D-40B0-4315-B1F4-6583AEF89EB7}.Release|Any CPU.Build.0 = Release|Any CPU
		{C5C8B15F-278C-46EC-B53C-58F8DFB05D9D}.Debug|Any CPU.ActiveCfg = Debug|Any CPU
		{C5C8B15F-278C-46EC-B53C-58F8DFB05D9D}.Debug|Any CPU.Build.0 = Debug|Any CPU
		{C5C8B15F-278C-46EC-B53C-58F8DFB05D9D}.Release|Any CPU.ActiveCfg = Release|Any CPU
		{C5C8B15F-278C-46EC-B53C-58F8DFB05D9D}.Release|Any CPU.Build.0 = Release|Any CPU
		{AADEA657-F6EC-44F6-A151-A47CFD34EF31}.Debug|Any CPU.ActiveCfg = Debug|Any CPU
		{AADEA657-F6EC-44F6-A151-A47CFD34EF31}.Debug|Any CPU.Build.0 = Debug|Any CPU
		{AADEA657-F6EC-44F6-A151-A47CFD34EF31}.Release|Any CPU.ActiveCfg = Release|Any CPU
		{AADEA657-F6EC-44F6-A151-A47CFD34EF31}.Release|Any CPU.Build.0 = Release|Any CPU
	EndGlobalSection
	GlobalSection(SolutionProperties) = preSolution
		HideSolutionNode = FALSE
	EndGlobalSection
	GlobalSection(ExtensibilityGlobals) = postSolution
		SolutionGuid = {D91032AA-8F0E-4E77-AE7C-E4CB6B555764}
	EndGlobalSection
EndGlobal
